// !$*UTF8*$!
{
	archiveVersion = 1;
	classes = {
	};
	objectVersion = 46;
	objects = {

/* Begin PBXBuildFile section */
		16FCFCDA3284AD15F31BF3D9 /* libPods-NewsAmTests.a in Frameworks */ = {isa = PBXBuildFile; fileRef = 67446730BF56D7CBB22AEBE7 /* libPods-NewsAmTests.a */; };
		1712E7712479434200004005 /* libSDWebImage.a in Frameworks */ = {isa = PBXBuildFile; fileRef = 1712E7702479434200004005 /* libSDWebImage.a */; };
		1712E77524794F1B00004005 /* SavedViewController.m in Sources */ = {isa = PBXBuildFile; fileRef = 1712E77424794F1B00004005 /* SavedViewController.m */; };
		1712E77A2479530800004005 /* SettingsViewController.m in Sources */ = {isa = PBXBuildFile; fileRef = 1712E7792479530800004005 /* SettingsViewController.m */; };
		1712E78B247A5A1F00004005 /* BNHtmlPdfKit.m in Sources */ = {isa = PBXBuildFile; fileRef = 1712E789247A5A1F00004005 /* BNHtmlPdfKit.m */; };
		1712E78E247A692C00004005 /* Helper.m in Sources */ = {isa = PBXBuildFile; fileRef = 1712E78D247A692C00004005 /* Helper.m */; };
		1712E79F247ADB9A00004005 /* libAFNetworking.a in Frameworks */ = {isa = PBXBuildFile; fileRef = 1712E79E247ADB9A00004005 /* libAFNetworking.a */; };
		807D7EE71DDC93A70028317C /* NADetailsViewController.m in Sources */ = {isa = PBXBuildFile; fileRef = 807D7EE61DDC93A70028317C /* NADetailsViewController.m */; };
		80D54A5E1DDAF993003E1C10 /* NewsAmTests.m in Sources */ = {isa = PBXBuildFile; fileRef = 80D54A5D1DDAF993003E1C10 /* NewsAmTests.m */; };
		80D54A691DDAF993003E1C10 /* NewsAmUITests.m in Sources */ = {isa = PBXBuildFile; fileRef = 80D54A681DDAF993003E1C10 /* NewsAmUITests.m */; };
		80D54AB81DDB4082003E1C10 /* AppDelegate.m in Sources */ = {isa = PBXBuildFile; fileRef = 80D54A441DDAF992003E1C10 /* AppDelegate.m */; };
		80D54AB91DDB4082003E1C10 /* CoreDataManager.m in Sources */ = {isa = PBXBuildFile; fileRef = 80D54A911DDB3542003E1C10 /* CoreDataManager.m */; };
		80D54ABC1DDB4082003E1C10 /* NLModelManager.m in Sources */ = {isa = PBXBuildFile; fileRef = 80D54A981DDB37AF003E1C10 /* NLModelManager.m */; };
		80D54ABD1DDB4082003E1C10 /* TFHpple.m in Sources */ = {isa = PBXBuildFile; fileRef = 80D54A781DDAFA32003E1C10 /* TFHpple.m */; };
		80D54ABE1DDB4082003E1C10 /* TFHppleElement.m in Sources */ = {isa = PBXBuildFile; fileRef = 80D54A7A1DDAFA32003E1C10 /* TFHppleElement.m */; };
		80D54ABF1DDB4082003E1C10 /* XPathQuery.m in Sources */ = {isa = PBXBuildFile; fileRef = 80D54A7C1DDAFA32003E1C10 /* XPathQuery.m */; };
		80D54AC01DDB4082003E1C10 /* NATableViewCell.m in Sources */ = {isa = PBXBuildFile; fileRef = 80D54A861DDB1B90003E1C10 /* NATableViewCell.m */; };
		80D54AC11DDB4082003E1C10 /* NAViewController.m in Sources */ = {isa = PBXBuildFile; fileRef = 80D54A471DDAF992003E1C10 /* NAViewController.m */; };
		80D54AC21DDB4082003E1C10 /* NewsAm.xcdatamodeld in Sources */ = {isa = PBXBuildFile; fileRef = 80D54A4C1DDAF992003E1C10 /* NewsAm.xcdatamodeld */; };
		80D54AC31DDB4082003E1C10 /* main.m in Sources */ = {isa = PBXBuildFile; fileRef = 80D54A411DDAF992003E1C10 /* main.m */; };
		80D54ACD1DDB44B8003E1C10 /* Main.storyboard in Resources */ = {isa = PBXBuildFile; fileRef = 80D54A491DDAF992003E1C10 /* Main.storyboard */; };
		80D54ACE1DDB44B8003E1C10 /* Assets.xcassets in Resources */ = {isa = PBXBuildFile; fileRef = 80D54A4F1DDAF992003E1C10 /* Assets.xcassets */; };
		80D54ACF1DDB44B8003E1C10 /* LaunchScreen.storyboard in Resources */ = {isa = PBXBuildFile; fileRef = 80D54A511DDAF992003E1C10 /* LaunchScreen.storyboard */; };
		80D54AD31DDB4CDE003E1C10 /* BusinessLogic.m in Sources */ = {isa = PBXBuildFile; fileRef = 80D54AD21DDB4CDE003E1C10 /* BusinessLogic.m */; };
		80D54AD61DDC4B3E003E1C10 /* NACoordinator.m in Sources */ = {isa = PBXBuildFile; fileRef = 80D54AD51DDC4B3E003E1C10 /* NACoordinator.m */; };
		C98BDE450FBA27ED37C18421 /* libPods-NewsAm.a in Frameworks */ = {isa = PBXBuildFile; fileRef = 8F9004469C587822FA3A4A83 /* libPods-NewsAm.a */; };
		FF529DB29ACB212D1F8973EB /* libPods-NewsAmUITests.a in Frameworks */ = {isa = PBXBuildFile; fileRef = A0EB53EB3802C5EF52C4B935 /* libPods-NewsAmUITests.a */; };
/* End PBXBuildFile section */

/* Begin PBXContainerItemProxy section */
		80D54A5A1DDAF993003E1C10 /* PBXContainerItemProxy */ = {
			isa = PBXContainerItemProxy;
			containerPortal = 80D54A351DDAF992003E1C10 /* Project object */;
			proxyType = 1;
			remoteGlobalIDString = 80D54A3C1DDAF992003E1C10;
			remoteInfo = NewsAm;
		};
		80D54A651DDAF993003E1C10 /* PBXContainerItemProxy */ = {
			isa = PBXContainerItemProxy;
			containerPortal = 80D54A351DDAF992003E1C10 /* Project object */;
			proxyType = 1;
			remoteGlobalIDString = 80D54A3C1DDAF992003E1C10;
			remoteInfo = NewsAm;
		};
/* End PBXContainerItemProxy section */

/* Begin PBXFileReference section */
		1712E7702479434200004005 /* libSDWebImage.a */ = {isa = PBXFileReference; explicitFileType = archive.ar; path = libSDWebImage.a; sourceTree = BUILT_PRODUCTS_DIR; };
		1712E77324794F1B00004005 /* SavedViewController.h */ = {isa = PBXFileReference; lastKnownFileType = sourcecode.c.h; path = SavedViewController.h; sourceTree = "<group>"; };
		1712E77424794F1B00004005 /* SavedViewController.m */ = {isa = PBXFileReference; lastKnownFileType = sourcecode.c.objc; path = SavedViewController.m; sourceTree = "<group>"; };
		1712E7782479530800004005 /* SettingsViewController.h */ = {isa = PBXFileReference; lastKnownFileType = sourcecode.c.h; path = SettingsViewController.h; sourceTree = "<group>"; };
		1712E7792479530800004005 /* SettingsViewController.m */ = {isa = PBXFileReference; lastKnownFileType = sourcecode.c.objc; path = SettingsViewController.m; sourceTree = "<group>"; };
		1712E789247A5A1F00004005 /* BNHtmlPdfKit.m */ = {isa = PBXFileReference; fileEncoding = 4; lastKnownFileType = sourcecode.c.objc; path = BNHtmlPdfKit.m; sourceTree = "<group>"; };
		1712E78A247A5A1F00004005 /* BNHtmlPdfKit.h */ = {isa = PBXFileReference; fileEncoding = 4; lastKnownFileType = sourcecode.c.h; path = BNHtmlPdfKit.h; sourceTree = "<group>"; };
		1712E78C247A692C00004005 /* Helper.h */ = {isa = PBXFileReference; lastKnownFileType = sourcecode.c.h; path = Helper.h; sourceTree = "<group>"; };
		1712E78D247A692C00004005 /* Helper.m */ = {isa = PBXFileReference; lastKnownFileType = sourcecode.c.objc; path = Helper.m; sourceTree = "<group>"; };
		1712E79E247ADB9A00004005 /* libAFNetworking.a */ = {isa = PBXFileReference; explicitFileType = archive.ar; path = libAFNetworking.a; sourceTree = BUILT_PRODUCTS_DIR; };
		1712E7A0247B935500004005 /* NewsList+CoreDataProperties.h */ = {isa = PBXFileReference; lastKnownFileType = sourcecode.c.h; name = "NewsList+CoreDataProperties.h"; path = "/Users/smbattumasyan/workspace/NewsAm/NewsAm/NewsList+CoreDataProperties.h"; sourceTree = "<absolute>"; };
		1712E7A1247B935500004005 /* NewsList+CoreDataProperties.m */ = {isa = PBXFileReference; lastKnownFileType = sourcecode.c.objc; name = "NewsList+CoreDataProperties.m"; path = "/Users/smbattumasyan/workspace/NewsAm/NewsAm/NewsList+CoreDataProperties.m"; sourceTree = "<absolute>"; };
		1712E7A2247B935500004005 /* NewsList+CoreDataClass.h */ = {isa = PBXFileReference; lastKnownFileType = sourcecode.c.h; name = "NewsList+CoreDataClass.h"; path = "/Users/smbattumasyan/workspace/NewsAm/NewsAm/NewsList+CoreDataClass.h"; sourceTree = "<absolute>"; };
		1712E7A3247B935500004005 /* NewsList+CoreDataClass.m */ = {isa = PBXFileReference; lastKnownFileType = sourcecode.c.objc; name = "NewsList+CoreDataClass.m"; path = "/Users/smbattumasyan/workspace/NewsAm/NewsAm/NewsList+CoreDataClass.m"; sourceTree = "<absolute>"; };
		3653A2634C5A16AA6F275B82 /* Pods-NewsAmUITests.debug.xcconfig */ = {isa = PBXFileReference; includeInIndex = 1; lastKnownFileType = text.xcconfig; name = "Pods-NewsAmUITests.debug.xcconfig"; path = "Pods/Target Support Files/Pods-NewsAmUITests/Pods-NewsAmUITests.debug.xcconfig"; sourceTree = "<group>"; };
		5C5F1ADAF90DE77BF9F61383 /* Pods-NewsAmUITests.release.xcconfig */ = {isa = PBXFileReference; includeInIndex = 1; lastKnownFileType = text.xcconfig; name = "Pods-NewsAmUITests.release.xcconfig"; path = "Pods/Target Support Files/Pods-NewsAmUITests/Pods-NewsAmUITests.release.xcconfig"; sourceTree = "<group>"; };
		67446730BF56D7CBB22AEBE7 /* libPods-NewsAmTests.a */ = {isa = PBXFileReference; explicitFileType = archive.ar; includeInIndex = 0; path = "libPods-NewsAmTests.a"; sourceTree = BUILT_PRODUCTS_DIR; };
		7669D24C8117B2DA1611FF84 /* Pods-NewsAmTests.debug.xcconfig */ = {isa = PBXFileReference; includeInIndex = 1; lastKnownFileType = text.xcconfig; name = "Pods-NewsAmTests.debug.xcconfig"; path = "Pods/Target Support Files/Pods-NewsAmTests/Pods-NewsAmTests.debug.xcconfig"; sourceTree = "<group>"; };
		807D7EE51DDC93A70028317C /* NADetailsViewController.h */ = {isa = PBXFileReference; fileEncoding = 4; lastKnownFileType = sourcecode.c.h; path = NADetailsViewController.h; sourceTree = "<group>"; };
		807D7EE61DDC93A70028317C /* NADetailsViewController.m */ = {isa = PBXFileReference; fileEncoding = 4; lastKnownFileType = sourcecode.c.objc; path = NADetailsViewController.m; sourceTree = "<group>"; };
		80D54A3D1DDAF992003E1C10 /* NewsAm.app */ = {isa = PBXFileReference; explicitFileType = wrapper.application; includeInIndex = 0; path = NewsAm.app; sourceTree = BUILT_PRODUCTS_DIR; };
		80D54A411DDAF992003E1C10 /* main.m */ = {isa = PBXFileReference; lastKnownFileType = sourcecode.c.objc; path = main.m; sourceTree = "<group>"; };
		80D54A431DDAF992003E1C10 /* AppDelegate.h */ = {isa = PBXFileReference; lastKnownFileType = sourcecode.c.h; path = AppDelegate.h; sourceTree = "<group>"; };
		80D54A441DDAF992003E1C10 /* AppDelegate.m */ = {isa = PBXFileReference; lastKnownFileType = sourcecode.c.objc; path = AppDelegate.m; sourceTree = "<group>"; };
		80D54A461DDAF992003E1C10 /* NAViewController.h */ = {isa = PBXFileReference; lastKnownFileType = sourcecode.c.h; path = NAViewController.h; sourceTree = "<group>"; };
		80D54A471DDAF992003E1C10 /* NAViewController.m */ = {isa = PBXFileReference; lastKnownFileType = sourcecode.c.objc; path = NAViewController.m; sourceTree = "<group>"; };
		80D54A4A1DDAF992003E1C10 /* Base */ = {isa = PBXFileReference; lastKnownFileType = file.storyboard; name = Base; path = Base.lproj/Main.storyboard; sourceTree = "<group>"; };
		80D54A4D1DDAF992003E1C10 /* NewsAm.xcdatamodel */ = {isa = PBXFileReference; lastKnownFileType = wrapper.xcdatamodel; path = NewsAm.xcdatamodel; sourceTree = "<group>"; };
		80D54A4F1DDAF992003E1C10 /* Assets.xcassets */ = {isa = PBXFileReference; lastKnownFileType = folder.assetcatalog; path = Assets.xcassets; sourceTree = "<group>"; };
		80D54A521DDAF992003E1C10 /* Base */ = {isa = PBXFileReference; lastKnownFileType = file.storyboard; name = Base; path = Base.lproj/LaunchScreen.storyboard; sourceTree = "<group>"; };
		80D54A541DDAF992003E1C10 /* Info.plist */ = {isa = PBXFileReference; lastKnownFileType = text.plist.xml; path = Info.plist; sourceTree = "<group>"; };
		80D54A591DDAF993003E1C10 /* NewsAmTests.xctest */ = {isa = PBXFileReference; explicitFileType = wrapper.cfbundle; includeInIndex = 0; path = NewsAmTests.xctest; sourceTree = BUILT_PRODUCTS_DIR; };
		80D54A5D1DDAF993003E1C10 /* NewsAmTests.m */ = {isa = PBXFileReference; lastKnownFileType = sourcecode.c.objc; path = NewsAmTests.m; sourceTree = "<group>"; };
		80D54A5F1DDAF993003E1C10 /* Info.plist */ = {isa = PBXFileReference; lastKnownFileType = text.plist.xml; path = Info.plist; sourceTree = "<group>"; };
		80D54A641DDAF993003E1C10 /* NewsAmUITests.xctest */ = {isa = PBXFileReference; explicitFileType = wrapper.cfbundle; includeInIndex = 0; path = NewsAmUITests.xctest; sourceTree = BUILT_PRODUCTS_DIR; };
		80D54A681DDAF993003E1C10 /* NewsAmUITests.m */ = {isa = PBXFileReference; lastKnownFileType = sourcecode.c.objc; path = NewsAmUITests.m; sourceTree = "<group>"; };
		80D54A6A1DDAF993003E1C10 /* Info.plist */ = {isa = PBXFileReference; lastKnownFileType = text.plist.xml; path = Info.plist; sourceTree = "<group>"; };
		80D54A771DDAFA32003E1C10 /* TFHpple.h */ = {isa = PBXFileReference; fileEncoding = 4; lastKnownFileType = sourcecode.c.h; path = TFHpple.h; sourceTree = "<group>"; };
		80D54A781DDAFA32003E1C10 /* TFHpple.m */ = {isa = PBXFileReference; fileEncoding = 4; lastKnownFileType = sourcecode.c.objc; path = TFHpple.m; sourceTree = "<group>"; };
		80D54A791DDAFA32003E1C10 /* TFHppleElement.h */ = {isa = PBXFileReference; fileEncoding = 4; lastKnownFileType = sourcecode.c.h; path = TFHppleElement.h; sourceTree = "<group>"; };
		80D54A7A1DDAFA32003E1C10 /* TFHppleElement.m */ = {isa = PBXFileReference; fileEncoding = 4; lastKnownFileType = sourcecode.c.objc; path = TFHppleElement.m; sourceTree = "<group>"; };
		80D54A7B1DDAFA32003E1C10 /* XPathQuery.h */ = {isa = PBXFileReference; fileEncoding = 4; lastKnownFileType = sourcecode.c.h; path = XPathQuery.h; sourceTree = "<group>"; };
		80D54A7C1DDAFA32003E1C10 /* XPathQuery.m */ = {isa = PBXFileReference; fileEncoding = 4; lastKnownFileType = sourcecode.c.objc; path = XPathQuery.m; sourceTree = "<group>"; };
		80D54A811DDAFAEB003E1C10 /* libxml2.tbd */ = {isa = PBXFileReference; lastKnownFileType = "sourcecode.text-based-dylib-definition"; name = libxml2.tbd; path = usr/lib/libxml2.tbd; sourceTree = SDKROOT; };
		80D54A831DDAFAF2003E1C10 /* libxml2.2.tbd */ = {isa = PBXFileReference; lastKnownFileType = "sourcecode.text-based-dylib-definition"; name = libxml2.2.tbd; path = usr/lib/libxml2.2.tbd; sourceTree = SDKROOT; };
		80D54A851DDB1B90003E1C10 /* NATableViewCell.h */ = {isa = PBXFileReference; fileEncoding = 4; lastKnownFileType = sourcecode.c.h; path = NATableViewCell.h; sourceTree = "<group>"; };
		80D54A861DDB1B90003E1C10 /* NATableViewCell.m */ = {isa = PBXFileReference; fileEncoding = 4; lastKnownFileType = sourcecode.c.objc; path = NATableViewCell.m; sourceTree = "<group>"; };
		80D54A901DDB3542003E1C10 /* CoreDataManager.h */ = {isa = PBXFileReference; fileEncoding = 4; lastKnownFileType = sourcecode.c.h; path = CoreDataManager.h; sourceTree = "<group>"; };
		80D54A911DDB3542003E1C10 /* CoreDataManager.m */ = {isa = PBXFileReference; fileEncoding = 4; lastKnownFileType = sourcecode.c.objc; path = CoreDataManager.m; sourceTree = "<group>"; };
		80D54A971DDB37AF003E1C10 /* NLModelManager.h */ = {isa = PBXFileReference; fileEncoding = 4; lastKnownFileType = sourcecode.c.h; path = NLModelManager.h; sourceTree = "<group>"; };
		80D54A981DDB37AF003E1C10 /* NLModelManager.m */ = {isa = PBXFileReference; fileEncoding = 4; lastKnownFileType = sourcecode.c.objc; path = NLModelManager.m; sourceTree = "<group>"; };
		80D54AD11DDB4CDE003E1C10 /* BusinessLogic.h */ = {isa = PBXFileReference; fileEncoding = 4; lastKnownFileType = sourcecode.c.h; path = BusinessLogic.h; sourceTree = "<group>"; };
		80D54AD21DDB4CDE003E1C10 /* BusinessLogic.m */ = {isa = PBXFileReference; fileEncoding = 4; lastKnownFileType = sourcecode.c.objc; path = BusinessLogic.m; sourceTree = "<group>"; };
		80D54AD41DDC4B3E003E1C10 /* NACoordinator.h */ = {isa = PBXFileReference; fileEncoding = 4; lastKnownFileType = sourcecode.c.h; path = NACoordinator.h; sourceTree = "<group>"; };
		80D54AD51DDC4B3E003E1C10 /* NACoordinator.m */ = {isa = PBXFileReference; fileEncoding = 4; lastKnownFileType = sourcecode.c.objc; path = NACoordinator.m; sourceTree = "<group>"; };
		8F9004469C587822FA3A4A83 /* libPods-NewsAm.a */ = {isa = PBXFileReference; explicitFileType = archive.ar; includeInIndex = 0; path = "libPods-NewsAm.a"; sourceTree = BUILT_PRODUCTS_DIR; };
		A0EB53EB3802C5EF52C4B935 /* libPods-NewsAmUITests.a */ = {isa = PBXFileReference; explicitFileType = archive.ar; includeInIndex = 0; path = "libPods-NewsAmUITests.a"; sourceTree = BUILT_PRODUCTS_DIR; };
		C1112D85768641AD812BF0FB /* Pods-NewsAm.release.xcconfig */ = {isa = PBXFileReference; includeInIndex = 1; lastKnownFileType = text.xcconfig; name = "Pods-NewsAm.release.xcconfig"; path = "Pods/Target Support Files/Pods-NewsAm/Pods-NewsAm.release.xcconfig"; sourceTree = "<group>"; };
		EA0D7E3DE8763C5661FA5D73 /* Pods-NewsAm.debug.xcconfig */ = {isa = PBXFileReference; includeInIndex = 1; lastKnownFileType = text.xcconfig; name = "Pods-NewsAm.debug.xcconfig"; path = "Pods/Target Support Files/Pods-NewsAm/Pods-NewsAm.debug.xcconfig"; sourceTree = "<group>"; };
		F0C2FEED6F6359E467E17C60 /* Pods-NewsAmTests.release.xcconfig */ = {isa = PBXFileReference; includeInIndex = 1; lastKnownFileType = text.xcconfig; name = "Pods-NewsAmTests.release.xcconfig"; path = "Pods/Target Support Files/Pods-NewsAmTests/Pods-NewsAmTests.release.xcconfig"; sourceTree = "<group>"; };
/* End PBXFileReference section */

/* Begin PBXFrameworksBuildPhase section */
		1712E76F2479433A00004005 /* Frameworks */ = {
			isa = PBXFrameworksBuildPhase;
			buildActionMask = 2147483647;
			files = (
				1712E79F247ADB9A00004005 /* libAFNetworking.a in Frameworks */,
				1712E7712479434200004005 /* libSDWebImage.a in Frameworks */,
				C98BDE450FBA27ED37C18421 /* libPods-NewsAm.a in Frameworks */,
			);
			runOnlyForDeploymentPostprocessing = 0;
		};
		80D54A561DDAF993003E1C10 /* Frameworks */ = {
			isa = PBXFrameworksBuildPhase;
			buildActionMask = 2147483647;
			files = (
				16FCFCDA3284AD15F31BF3D9 /* libPods-NewsAmTests.a in Frameworks */,
			);
			runOnlyForDeploymentPostprocessing = 0;
		};
		80D54A611DDAF993003E1C10 /* Frameworks */ = {
			isa = PBXFrameworksBuildPhase;
			buildActionMask = 2147483647;
			files = (
				FF529DB29ACB212D1F8973EB /* libPods-NewsAmUITests.a in Frameworks */,
			);
			runOnlyForDeploymentPostprocessing = 0;
		};
/* End PBXFrameworksBuildPhase section */

/* Begin PBXGroup section */
		1712E77624794F2800004005 /* SavedViewController */ = {
			isa = PBXGroup;
			children = (
				1712E77324794F1B00004005 /* SavedViewController.h */,
				1712E77424794F1B00004005 /* SavedViewController.m */,
			);
			name = SavedViewController;
			sourceTree = "<group>";
		};
		1712E777247952F600004005 /* SettingsViewController */ = {
			isa = PBXGroup;
			children = (
				1712E7782479530800004005 /* SettingsViewController.h */,
				1712E7792479530800004005 /* SettingsViewController.m */,
			);
			name = SettingsViewController;
			sourceTree = "<group>";
		};
		1712E77B247960AF00004005 /* NewsListModel */ = {
			isa = PBXGroup;
			children = (
				1712E7A0247B935500004005 /* NewsList+CoreDataProperties.h */,
				1712E7A2247B935500004005 /* NewsList+CoreDataClass.h */,
				1712E7A3247B935500004005 /* NewsList+CoreDataClass.m */,
				1712E7A1247B935500004005 /* NewsList+CoreDataProperties.m */,
				80D54A971DDB37AF003E1C10 /* NLModelManager.h */,
				80D54A981DDB37AF003E1C10 /* NLModelManager.m */,
			);
			name = NewsListModel;
			sourceTree = "<group>";
		};
		1712E788247A59F000004005 /* Utility */ = {
			isa = PBXGroup;
			children = (
				1712E78A247A5A1F00004005 /* BNHtmlPdfKit.h */,
				1712E789247A5A1F00004005 /* BNHtmlPdfKit.m */,
				80D54A761DDAFA0C003E1C10 /* hpple */,
				1712E78C247A692C00004005 /* Helper.h */,
				1712E78D247A692C00004005 /* Helper.m */,
			);
			name = Utility;
			sourceTree = "<group>";
		};
		807D7EE11DDC93160028317C /* NADetailsViewController */ = {
			isa = PBXGroup;
			children = (
				807D7EE51DDC93A70028317C /* NADetailsViewController.h */,
				807D7EE61DDC93A70028317C /* NADetailsViewController.m */,
			);
			name = NADetailsViewController;
			sourceTree = "<group>";
		};
		80D54A341DDAF992003E1C10 = {
			isa = PBXGroup;
			children = (
				80D54A3F1DDAF992003E1C10 /* NewsAm */,
				80D54A5C1DDAF993003E1C10 /* NewsAmTests */,
				80D54A671DDAF993003E1C10 /* NewsAmUITests */,
				80D54A3E1DDAF992003E1C10 /* Products */,
				80D54A801DDAFAEB003E1C10 /* Frameworks */,
				CA0D410D698ED93CAD5C47E6 /* Pods */,
			);
			sourceTree = "<group>";
		};
		80D54A3E1DDAF992003E1C10 /* Products */ = {
			isa = PBXGroup;
			children = (
				80D54A3D1DDAF992003E1C10 /* NewsAm.app */,
				80D54A591DDAF993003E1C10 /* NewsAmTests.xctest */,
				80D54A641DDAF993003E1C10 /* NewsAmUITests.xctest */,
			);
			name = Products;
			sourceTree = "<group>";
		};
		80D54A3F1DDAF992003E1C10 /* NewsAm */ = {
			isa = PBXGroup;
			children = (
				80D54A431DDAF992003E1C10 /* AppDelegate.h */,
				80D54A441DDAF992003E1C10 /* AppDelegate.m */,
				1712E788247A59F000004005 /* Utility */,
				80D54A891DDB34DB003E1C10 /* CoreData */,
				80D54AD01DDB4CB7003E1C10 /* BusinessLogic */,
				80D54A881DDB1B9A003E1C10 /* NAViewController */,
				1712E77624794F2800004005 /* SavedViewController */,
				807D7EE11DDC93160028317C /* NADetailsViewController */,
				1712E777247952F600004005 /* SettingsViewController */,
				80D54A491DDAF992003E1C10 /* Main.storyboard */,
				80D54A4F1DDAF992003E1C10 /* Assets.xcassets */,
				80D54A511DDAF992003E1C10 /* LaunchScreen.storyboard */,
				80D54A541DDAF992003E1C10 /* Info.plist */,
				80D54A4C1DDAF992003E1C10 /* NewsAm.xcdatamodeld */,
				80D54A401DDAF992003E1C10 /* Supporting Files */,
			);
			path = NewsAm;
			sourceTree = "<group>";
		};
		80D54A401DDAF992003E1C10 /* Supporting Files */ = {
			isa = PBXGroup;
			children = (
				80D54A411DDAF992003E1C10 /* main.m */,
			);
			name = "Supporting Files";
			sourceTree = "<group>";
		};
		80D54A5C1DDAF993003E1C10 /* NewsAmTests */ = {
			isa = PBXGroup;
			children = (
				80D54A5D1DDAF993003E1C10 /* NewsAmTests.m */,
				80D54A5F1DDAF993003E1C10 /* Info.plist */,
			);
			path = NewsAmTests;
			sourceTree = "<group>";
		};
		80D54A671DDAF993003E1C10 /* NewsAmUITests */ = {
			isa = PBXGroup;
			children = (
				80D54A681DDAF993003E1C10 /* NewsAmUITests.m */,
				80D54A6A1DDAF993003E1C10 /* Info.plist */,
			);
			path = NewsAmUITests;
			sourceTree = "<group>";
		};
		80D54A761DDAFA0C003E1C10 /* hpple */ = {
			isa = PBXGroup;
			children = (
				80D54A771DDAFA32003E1C10 /* TFHpple.h */,
				80D54A781DDAFA32003E1C10 /* TFHpple.m */,
				80D54A791DDAFA32003E1C10 /* TFHppleElement.h */,
				80D54A7A1DDAFA32003E1C10 /* TFHppleElement.m */,
				80D54A7B1DDAFA32003E1C10 /* XPathQuery.h */,
				80D54A7C1DDAFA32003E1C10 /* XPathQuery.m */,
			);
			name = hpple;
			sourceTree = "<group>";
		};
		80D54A801DDAFAEB003E1C10 /* Frameworks */ = {
			isa = PBXGroup;
			children = (
				1712E79E247ADB9A00004005 /* libAFNetworking.a */,
				1712E7702479434200004005 /* libSDWebImage.a */,
				80D54A831DDAFAF2003E1C10 /* libxml2.2.tbd */,
				80D54A811DDAFAEB003E1C10 /* libxml2.tbd */,
				8F9004469C587822FA3A4A83 /* libPods-NewsAm.a */,
				67446730BF56D7CBB22AEBE7 /* libPods-NewsAmTests.a */,
				A0EB53EB3802C5EF52C4B935 /* libPods-NewsAmUITests.a */,
			);
			name = Frameworks;
			sourceTree = "<group>";
		};
		80D54A881DDB1B9A003E1C10 /* NAViewController */ = {
			isa = PBXGroup;
			children = (
				80D54AD41DDC4B3E003E1C10 /* NACoordinator.h */,
				80D54AD51DDC4B3E003E1C10 /* NACoordinator.m */,
				80D54A851DDB1B90003E1C10 /* NATableViewCell.h */,
				80D54A861DDB1B90003E1C10 /* NATableViewCell.m */,
				80D54A461DDAF992003E1C10 /* NAViewController.h */,
				80D54A471DDAF992003E1C10 /* NAViewController.m */,
			);
			name = NAViewController;
			sourceTree = "<group>";
		};
		80D54A891DDB34DB003E1C10 /* CoreData */ = {
			isa = PBXGroup;
			children = (
				80D54A901DDB3542003E1C10 /* CoreDataManager.h */,
				80D54A911DDB3542003E1C10 /* CoreDataManager.m */,
				1712E77B247960AF00004005 /* NewsListModel */,
			);
			name = CoreData;
			sourceTree = "<group>";
		};
		80D54AD01DDB4CB7003E1C10 /* BusinessLogic */ = {
			isa = PBXGroup;
			children = (
				80D54AD11DDB4CDE003E1C10 /* BusinessLogic.h */,
				80D54AD21DDB4CDE003E1C10 /* BusinessLogic.m */,
			);
			name = BusinessLogic;
			sourceTree = "<group>";
		};
		CA0D410D698ED93CAD5C47E6 /* Pods */ = {
			isa = PBXGroup;
			children = (
				EA0D7E3DE8763C5661FA5D73 /* Pods-NewsAm.debug.xcconfig */,
				C1112D85768641AD812BF0FB /* Pods-NewsAm.release.xcconfig */,
				7669D24C8117B2DA1611FF84 /* Pods-NewsAmTests.debug.xcconfig */,
				F0C2FEED6F6359E467E17C60 /* Pods-NewsAmTests.release.xcconfig */,
				3653A2634C5A16AA6F275B82 /* Pods-NewsAmUITests.debug.xcconfig */,
				5C5F1ADAF90DE77BF9F61383 /* Pods-NewsAmUITests.release.xcconfig */,
			);
			name = Pods;
			sourceTree = "<group>";
		};
/* End PBXGroup section */

/* Begin PBXNativeTarget section */
		80D54A3C1DDAF992003E1C10 /* NewsAm */ = {
			isa = PBXNativeTarget;
			buildConfigurationList = 80D54A6D1DDAF993003E1C10 /* Build configuration list for PBXNativeTarget "NewsAm" */;
			buildPhases = (
				CADA178A5A3B415E0872A8D7 /* [CP] Check Pods Manifest.lock */,
				80D54AB71DDB406F003E1C10 /* Sources */,
				80D54ACC1DDB44AE003E1C10 /* Resources */,
				1712E76F2479433A00004005 /* Frameworks */,
			);
			buildRules = (
			);
			dependencies = (
			);
			name = NewsAm;
			productName = NewsAm;
			productReference = 80D54A3D1DDAF992003E1C10 /* NewsAm.app */;
			productType = "com.apple.product-type.application";
		};
		80D54A581DDAF993003E1C10 /* NewsAmTests */ = {
			isa = PBXNativeTarget;
			buildConfigurationList = 80D54A701DDAF993003E1C10 /* Build configuration list for PBXNativeTarget "NewsAmTests" */;
			buildPhases = (
				9433BFD9BD3522BF6CE00B69 /* [CP] Check Pods Manifest.lock */,
				80D54A551DDAF993003E1C10 /* Sources */,
				80D54A561DDAF993003E1C10 /* Frameworks */,
				80D54A571DDAF993003E1C10 /* Resources */,
			);
			buildRules = (
			);
			dependencies = (
				80D54A5B1DDAF993003E1C10 /* PBXTargetDependency */,
			);
			name = NewsAmTests;
			productName = NewsAmTests;
			productReference = 80D54A591DDAF993003E1C10 /* NewsAmTests.xctest */;
			productType = "com.apple.product-type.bundle.unit-test";
		};
		80D54A631DDAF993003E1C10 /* NewsAmUITests */ = {
			isa = PBXNativeTarget;
			buildConfigurationList = 80D54A731DDAF993003E1C10 /* Build configuration list for PBXNativeTarget "NewsAmUITests" */;
			buildPhases = (
				F72F26038DA31741609AB1D5 /* [CP] Check Pods Manifest.lock */,
				80D54A601DDAF993003E1C10 /* Sources */,
				80D54A611DDAF993003E1C10 /* Frameworks */,
				80D54A621DDAF993003E1C10 /* Resources */,
			);
			buildRules = (
			);
			dependencies = (
				80D54A661DDAF993003E1C10 /* PBXTargetDependency */,
			);
			name = NewsAmUITests;
			productName = NewsAmUITests;
			productReference = 80D54A641DDAF993003E1C10 /* NewsAmUITests.xctest */;
			productType = "com.apple.product-type.bundle.ui-testing";
		};
/* End PBXNativeTarget section */

/* Begin PBXProject section */
		80D54A351DDAF992003E1C10 /* Project object */ = {
			isa = PBXProject;
			attributes = {
				LastUpgradeCheck = 0810;
				ORGANIZATIONNAME = "Smbat Tumasyan";
				TargetAttributes = {
					80D54A3C1DDAF992003E1C10 = {
						CreatedOnToolsVersion = 8.1;
						DevelopmentTeam = ZRZ7BP5S8U;
						ProvisioningStyle = Automatic;
					};
					80D54A581DDAF993003E1C10 = {
						CreatedOnToolsVersion = 8.1;
						ProvisioningStyle = Automatic;
						TestTargetID = 80D54A3C1DDAF992003E1C10;
					};
					80D54A631DDAF993003E1C10 = {
						CreatedOnToolsVersion = 8.1;
						ProvisioningStyle = Automatic;
						TestTargetID = 80D54A3C1DDAF992003E1C10;
					};
				};
			};
			buildConfigurationList = 80D54A381DDAF992003E1C10 /* Build configuration list for PBXProject "NewsAm" */;
			compatibilityVersion = "Xcode 3.2";
			developmentRegion = English;
			hasScannedForEncodings = 0;
			knownRegions = (
				English,
				en,
				Base,
			);
			mainGroup = 80D54A341DDAF992003E1C10;
			productRefGroup = 80D54A3E1DDAF992003E1C10 /* Products */;
			projectDirPath = "";
			projectRoot = "";
			targets = (
				80D54A3C1DDAF992003E1C10 /* NewsAm */,
				80D54A581DDAF993003E1C10 /* NewsAmTests */,
				80D54A631DDAF993003E1C10 /* NewsAmUITests */,
			);
		};
/* End PBXProject section */

/* Begin PBXResourcesBuildPhase section */
		80D54A571DDAF993003E1C10 /* Resources */ = {
			isa = PBXResourcesBuildPhase;
			buildActionMask = 2147483647;
			files = (
			);
			runOnlyForDeploymentPostprocessing = 0;
		};
		80D54A621DDAF993003E1C10 /* Resources */ = {
			isa = PBXResourcesBuildPhase;
			buildActionMask = 2147483647;
			files = (
			);
			runOnlyForDeploymentPostprocessing = 0;
		};
		80D54ACC1DDB44AE003E1C10 /* Resources */ = {
			isa = PBXResourcesBuildPhase;
			buildActionMask = 2147483647;
			files = (
				80D54ACD1DDB44B8003E1C10 /* Main.storyboard in Resources */,
				80D54ACE1DDB44B8003E1C10 /* Assets.xcassets in Resources */,
				80D54ACF1DDB44B8003E1C10 /* LaunchScreen.storyboard in Resources */,
			);
			runOnlyForDeploymentPostprocessing = 0;
		};
/* End PBXResourcesBuildPhase section */

/* Begin PBXShellScriptBuildPhase section */
		9433BFD9BD3522BF6CE00B69 /* [CP] Check Pods Manifest.lock */ = {
			isa = PBXShellScriptBuildPhase;
			buildActionMask = 2147483647;
			files = (
			);
			inputFileListPaths = (
			);
			inputPaths = (
				"${PODS_PODFILE_DIR_PATH}/Podfile.lock",
				"${PODS_ROOT}/Manifest.lock",
			);
			name = "[CP] Check Pods Manifest.lock";
			outputFileListPaths = (
			);
			outputPaths = (
				"$(DERIVED_FILE_DIR)/Pods-NewsAmTests-checkManifestLockResult.txt",
			);
			runOnlyForDeploymentPostprocessing = 0;
			shellPath = /bin/sh;
			shellScript = "diff \"${PODS_PODFILE_DIR_PATH}/Podfile.lock\" \"${PODS_ROOT}/Manifest.lock\" > /dev/null\nif [ $? != 0 ] ; then\n    # print error to STDERR\n    echo \"error: The sandbox is not in sync with the Podfile.lock. Run 'pod install' or update your CocoaPods installation.\" >&2\n    exit 1\nfi\n# This output is used by Xcode 'outputs' to avoid re-running this script phase.\necho \"SUCCESS\" > \"${SCRIPT_OUTPUT_FILE_0}\"\n";
			showEnvVarsInLog = 0;
		};
		CADA178A5A3B415E0872A8D7 /* [CP] Check Pods Manifest.lock */ = {
			isa = PBXShellScriptBuildPhase;
			buildActionMask = 2147483647;
			files = (
			);
			inputFileListPaths = (
			);
			inputPaths = (
				"${PODS_PODFILE_DIR_PATH}/Podfile.lock",
				"${PODS_ROOT}/Manifest.lock",
			);
			name = "[CP] Check Pods Manifest.lock";
			outputFileListPaths = (
			);
			outputPaths = (
				"$(DERIVED_FILE_DIR)/Pods-NewsAm-checkManifestLockResult.txt",
			);
			runOnlyForDeploymentPostprocessing = 0;
			shellPath = /bin/sh;
			shellScript = "diff \"${PODS_PODFILE_DIR_PATH}/Podfile.lock\" \"${PODS_ROOT}/Manifest.lock\" > /dev/null\nif [ $? != 0 ] ; then\n    # print error to STDERR\n    echo \"error: The sandbox is not in sync with the Podfile.lock. Run 'pod install' or update your CocoaPods installation.\" >&2\n    exit 1\nfi\n# This output is used by Xcode 'outputs' to avoid re-running this script phase.\necho \"SUCCESS\" > \"${SCRIPT_OUTPUT_FILE_0}\"\n";
			showEnvVarsInLog = 0;
		};
		F72F26038DA31741609AB1D5 /* [CP] Check Pods Manifest.lock */ = {
			isa = PBXShellScriptBuildPhase;
			buildActionMask = 2147483647;
			files = (
			);
			inputFileListPaths = (
			);
			inputPaths = (
				"${PODS_PODFILE_DIR_PATH}/Podfile.lock",
				"${PODS_ROOT}/Manifest.lock",
			);
			name = "[CP] Check Pods Manifest.lock";
			outputFileListPaths = (
			);
			outputPaths = (
				"$(DERIVED_FILE_DIR)/Pods-NewsAmUITests-checkManifestLockResult.txt",
			);
			runOnlyForDeploymentPostprocessing = 0;
			shellPath = /bin/sh;
			shellScript = "diff \"${PODS_PODFILE_DIR_PATH}/Podfile.lock\" \"${PODS_ROOT}/Manifest.lock\" > /dev/null\nif [ $? != 0 ] ; then\n    # print error to STDERR\n    echo \"error: The sandbox is not in sync with the Podfile.lock. Run 'pod install' or update your CocoaPods installation.\" >&2\n    exit 1\nfi\n# This output is used by Xcode 'outputs' to avoid re-running this script phase.\necho \"SUCCESS\" > \"${SCRIPT_OUTPUT_FILE_0}\"\n";
			showEnvVarsInLog = 0;
		};
/* End PBXShellScriptBuildPhase section */

/* Begin PBXSourcesBuildPhase section */
		80D54A551DDAF993003E1C10 /* Sources */ = {
			isa = PBXSourcesBuildPhase;
			buildActionMask = 2147483647;
			files = (
				80D54A5E1DDAF993003E1C10 /* NewsAmTests.m in Sources */,
			);
			runOnlyForDeploymentPostprocessing = 0;
		};
		80D54A601DDAF993003E1C10 /* Sources */ = {
			isa = PBXSourcesBuildPhase;
			buildActionMask = 2147483647;
			files = (
				80D54A691DDAF993003E1C10 /* NewsAmUITests.m in Sources */,
			);
			runOnlyForDeploymentPostprocessing = 0;
		};
		80D54AB71DDB406F003E1C10 /* Sources */ = {
			isa = PBXSourcesBuildPhase;
			buildActionMask = 2147483647;
			files = (
				1712E78B247A5A1F00004005 /* BNHtmlPdfKit.m in Sources */,
				1712E77524794F1B00004005 /* SavedViewController.m in Sources */,
				80D54AB81DDB4082003E1C10 /* AppDelegate.m in Sources */,
				80D54AB91DDB4082003E1C10 /* CoreDataManager.m in Sources */,
				80D54ABC1DDB4082003E1C10 /* NLModelManager.m in Sources */,
				1712E78E247A692C00004005 /* Helper.m in Sources */,
				80D54ABD1DDB4082003E1C10 /* TFHpple.m in Sources */,
				80D54ABE1DDB4082003E1C10 /* TFHppleElement.m in Sources */,
				807D7EE71DDC93A70028317C /* NADetailsViewController.m in Sources */,
				80D54ABF1DDB4082003E1C10 /* XPathQuery.m in Sources */,
				80D54AC01DDB4082003E1C10 /* NATableViewCell.m in Sources */,
				80D54AD31DDB4CDE003E1C10 /* BusinessLogic.m in Sources */,
				80D54AD61DDC4B3E003E1C10 /* NACoordinator.m in Sources */,
				80D54AC11DDB4082003E1C10 /* NAViewController.m in Sources */,
				1712E77A2479530800004005 /* SettingsViewController.m in Sources */,
				80D54AC21DDB4082003E1C10 /* NewsAm.xcdatamodeld in Sources */,
				80D54AC31DDB4082003E1C10 /* main.m in Sources */,
			);
			runOnlyForDeploymentPostprocessing = 0;
		};
/* End PBXSourcesBuildPhase section */

/* Begin PBXTargetDependency section */
		80D54A5B1DDAF993003E1C10 /* PBXTargetDependency */ = {
			isa = PBXTargetDependency;
			target = 80D54A3C1DDAF992003E1C10 /* NewsAm */;
			targetProxy = 80D54A5A1DDAF993003E1C10 /* PBXContainerItemProxy */;
		};
		80D54A661DDAF993003E1C10 /* PBXTargetDependency */ = {
			isa = PBXTargetDependency;
			target = 80D54A3C1DDAF992003E1C10 /* NewsAm */;
			targetProxy = 80D54A651DDAF993003E1C10 /* PBXContainerItemProxy */;
		};
/* End PBXTargetDependency section */

/* Begin PBXVariantGroup section */
		80D54A491DDAF992003E1C10 /* Main.storyboard */ = {
			isa = PBXVariantGroup;
			children = (
				80D54A4A1DDAF992003E1C10 /* Base */,
			);
			name = Main.storyboard;
			sourceTree = "<group>";
		};
		80D54A511DDAF992003E1C10 /* LaunchScreen.storyboard */ = {
			isa = PBXVariantGroup;
			children = (
				80D54A521DDAF992003E1C10 /* Base */,
			);
			name = LaunchScreen.storyboard;
			sourceTree = "<group>";
		};
/* End PBXVariantGroup section */

/* Begin XCBuildConfiguration section */
		80D54A6B1DDAF993003E1C10 /* Debug */ = {
			isa = XCBuildConfiguration;
			buildSettings = {
				ALWAYS_SEARCH_USER_PATHS = NO;
				CLANG_ANALYZER_NONNULL = YES;
				CLANG_CXX_LANGUAGE_STANDARD = "gnu++0x";
				CLANG_CXX_LIBRARY = "libc++";
				CLANG_ENABLE_MODULES = YES;
				CLANG_ENABLE_OBJC_ARC = YES;
				CLANG_WARN_BOOL_CONVERSION = YES;
				CLANG_WARN_CONSTANT_CONVERSION = YES;
				CLANG_WARN_DIRECT_OBJC_ISA_USAGE = YES_ERROR;
				CLANG_WARN_DOCUMENTATION_COMMENTS = YES;
				CLANG_WARN_EMPTY_BODY = YES;
				CLANG_WARN_ENUM_CONVERSION = YES;
				CLANG_WARN_INFINITE_RECURSION = YES;
				CLANG_WARN_INT_CONVERSION = YES;
				CLANG_WARN_OBJC_ROOT_CLASS = YES_ERROR;
				CLANG_WARN_SUSPICIOUS_MOVES = YES;
				CLANG_WARN_UNREACHABLE_CODE = YES;
				CLANG_WARN__DUPLICATE_METHOD_MATCH = YES;
				"CODE_SIGN_IDENTITY[sdk=iphoneos*]" = "iPhone Developer";
				COPY_PHASE_STRIP = NO;
				DEBUG_INFORMATION_FORMAT = dwarf;
				ENABLE_STRICT_OBJC_MSGSEND = YES;
				ENABLE_TESTABILITY = YES;
				GCC_C_LANGUAGE_STANDARD = gnu99;
				GCC_DYNAMIC_NO_PIC = NO;
				GCC_NO_COMMON_BLOCKS = YES;
				GCC_OPTIMIZATION_LEVEL = 0;
				GCC_PREPROCESSOR_DEFINITIONS = (
					"DEBUG=1",
					"$(inherited)",
				);
				GCC_WARN_64_TO_32_BIT_CONVERSION = YES;
				GCC_WARN_ABOUT_RETURN_TYPE = YES_ERROR;
				GCC_WARN_UNDECLARED_SELECTOR = YES;
				GCC_WARN_UNINITIALIZED_AUTOS = YES_AGGRESSIVE;
				GCC_WARN_UNUSED_FUNCTION = YES;
				GCC_WARN_UNUSED_VARIABLE = YES;
				IPHONEOS_DEPLOYMENT_TARGET = 10.1;
				MTL_ENABLE_DEBUG_INFO = YES;
				ONLY_ACTIVE_ARCH = YES;
				SDKROOT = iphoneos;
				TARGETED_DEVICE_FAMILY = "1,2";
			};
			name = Debug;
		};
		80D54A6C1DDAF993003E1C10 /* Release */ = {
			isa = XCBuildConfiguration;
			buildSettings = {
				ALWAYS_SEARCH_USER_PATHS = NO;
				CLANG_ANALYZER_NONNULL = YES;
				CLANG_CXX_LANGUAGE_STANDARD = "gnu++0x";
				CLANG_CXX_LIBRARY = "libc++";
				CLANG_ENABLE_MODULES = YES;
				CLANG_ENABLE_OBJC_ARC = YES;
				CLANG_WARN_BOOL_CONVERSION = YES;
				CLANG_WARN_CONSTANT_CONVERSION = YES;
				CLANG_WARN_DIRECT_OBJC_ISA_USAGE = YES_ERROR;
				CLANG_WARN_DOCUMENTATION_COMMENTS = YES;
				CLANG_WARN_EMPTY_BODY = YES;
				CLANG_WARN_ENUM_CONVERSION = YES;
				CLANG_WARN_INFINITE_RECURSION = YES;
				CLANG_WARN_INT_CONVERSION = YES;
				CLANG_WARN_OBJC_ROOT_CLASS = YES_ERROR;
				CLANG_WARN_SUSPICIOUS_MOVES = YES;
				CLANG_WARN_UNREACHABLE_CODE = YES;
				CLANG_WARN__DUPLICATE_METHOD_MATCH = YES;
				"CODE_SIGN_IDENTITY[sdk=iphoneos*]" = "iPhone Developer";
				COPY_PHASE_STRIP = NO;
				DEBUG_INFORMATION_FORMAT = "dwarf-with-dsym";
				ENABLE_NS_ASSERTIONS = NO;
				ENABLE_STRICT_OBJC_MSGSEND = YES;
				GCC_C_LANGUAGE_STANDARD = gnu99;
				GCC_NO_COMMON_BLOCKS = YES;
				GCC_WARN_64_TO_32_BIT_CONVERSION = YES;
				GCC_WARN_ABOUT_RETURN_TYPE = YES_ERROR;
				GCC_WARN_UNDECLARED_SELECTOR = YES;
				GCC_WARN_UNINITIALIZED_AUTOS = YES_AGGRESSIVE;
				GCC_WARN_UNUSED_FUNCTION = YES;
				GCC_WARN_UNUSED_VARIABLE = YES;
				IPHONEOS_DEPLOYMENT_TARGET = 10.1;
				MTL_ENABLE_DEBUG_INFO = NO;
				SDKROOT = iphoneos;
				TARGETED_DEVICE_FAMILY = "1,2";
				VALIDATE_PRODUCT = YES;
			};
			name = Release;
		};
		80D54A6E1DDAF993003E1C10 /* Debug */ = {
			isa = XCBuildConfiguration;
			baseConfigurationReference = EA0D7E3DE8763C5661FA5D73 /* Pods-NewsAm.debug.xcconfig */;
			buildSettings = {
				ASSETCATALOG_COMPILER_APPICON_NAME = AppIcon;
				DEVELOPMENT_TEAM = ZRZ7BP5S8U;
				"HEADER_SEARCH_PATHS[arch=*]" = "$(SDKROOT)/usr/include/libxml2";
				INFOPLIST_FILE = NewsAm/Info.plist;
				LD_RUNPATH_SEARCH_PATHS = "$(inherited) @executable_path/Frameworks";
				"OTHER_LDFLAGS[arch=*]" = (
					"-lxml2",
					"-ObjC",
				);
				PRODUCT_BUNDLE_IDENTIFIER = com.Smbat.Tumasyan.NewsAm;
				PRODUCT_NAME = "$(TARGET_NAME)";
			};
			name = Debug;
		};
		80D54A6F1DDAF993003E1C10 /* Release */ = {
			isa = XCBuildConfiguration;
			baseConfigurationReference = C1112D85768641AD812BF0FB /* Pods-NewsAm.release.xcconfig */;
			buildSettings = {
				ASSETCATALOG_COMPILER_APPICON_NAME = AppIcon;
				DEVELOPMENT_TEAM = ZRZ7BP5S8U;
				"HEADER_SEARCH_PATHS[arch=*]" = "$(SDKROOT)/usr/include/libxml2";
				INFOPLIST_FILE = NewsAm/Info.plist;
				LD_RUNPATH_SEARCH_PATHS = "$(inherited) @executable_path/Frameworks";
				"OTHER_LDFLAGS[arch=*]" = (
					"-lxml2",
					"-ObjC",
				);
				PRODUCT_BUNDLE_IDENTIFIER = com.Smbat.Tumasyan.NewsAm;
				PRODUCT_NAME = "$(TARGET_NAME)";
			};
			name = Release;
		};
		80D54A711DDAF993003E1C10 /* Debug */ = {
			isa = XCBuildConfiguration;
			baseConfigurationReference = 7669D24C8117B2DA1611FF84 /* Pods-NewsAmTests.debug.xcconfig */;
			buildSettings = {
				BUNDLE_LOADER = "$(TEST_HOST)";
				INFOPLIST_FILE = NewsAmTests/Info.plist;
				LD_RUNPATH_SEARCH_PATHS = "$(inherited) @executable_path/Frameworks @loader_path/Frameworks";
				PRODUCT_BUNDLE_IDENTIFIER = com.Smbat.Tumasyan.NewsAmTests;
				PRODUCT_NAME = "$(TARGET_NAME)";
				TEST_HOST = "$(BUILT_PRODUCTS_DIR)/NewsAm.app/NewsAm";
			};
			name = Debug;
		};
		80D54A721DDAF993003E1C10 /* Release */ = {
			isa = XCBuildConfiguration;
			baseConfigurationReference = F0C2FEED6F6359E467E17C60 /* Pods-NewsAmTests.release.xcconfig */;
			buildSettings = {
				BUNDLE_LOADER = "$(TEST_HOST)";
				INFOPLIST_FILE = NewsAmTests/Info.plist;
				LD_RUNPATH_SEARCH_PATHS = "$(inherited) @executable_path/Frameworks @loader_path/Frameworks";
				PRODUCT_BUNDLE_IDENTIFIER = com.Smbat.Tumasyan.NewsAmTests;
				PRODUCT_NAME = "$(TARGET_NAME)";
				TEST_HOST = "$(BUILT_PRODUCTS_DIR)/NewsAm.app/NewsAm";
			};
			name = Release;
		};
		80D54A741DDAF993003E1C10 /* Debug */ = {
			isa = XCBuildConfiguration;
			baseConfigurationReference = 3653A2634C5A16AA6F275B82 /* Pods-NewsAmUITests.debug.xcconfig */;
			buildSettings = {
				INFOPLIST_FILE = NewsAmUITests/Info.plist;
				LD_RUNPATH_SEARCH_PATHS = "$(inherited) @executable_path/Frameworks @loader_path/Frameworks";
				PRODUCT_BUNDLE_IDENTIFIER = com.Smbat.Tumasyan.NewsAmUITests;
				PRODUCT_NAME = "$(TARGET_NAME)";
				TEST_TARGET_NAME = NewsAm;
			};
			name = Debug;
		};
		80D54A751DDAF993003E1C10 /* Release */ = {
			isa = XCBuildConfiguration;
			baseConfigurationReference = 5C5F1ADAF90DE77BF9F61383 /* Pods-NewsAmUITests.release.xcconfig */;
			buildSettings = {
				INFOPLIST_FILE = NewsAmUITests/Info.plist;
				LD_RUNPATH_SEARCH_PATHS = "$(inherited) @executable_path/Frameworks @loader_path/Frameworks";
				PRODUCT_BUNDLE_IDENTIFIER = com.Smbat.Tumasyan.NewsAmUITests;
				PRODUCT_NAME = "$(TARGET_NAME)";
				TEST_TARGET_NAME = NewsAm;
			};
			name = Release;
		};
/* End XCBuildConfiguration section */

/* Begin XCConfigurationList section */
		80D54A381DDAF992003E1C10 /* Build configuration list for PBXProject "NewsAm" */ = {
			isa = XCConfigurationList;
			buildConfigurations = (
				80D54A6B1DDAF993003E1C10 /* Debug */,
				80D54A6C1DDAF993003E1C10 /* Release */,
			);
			defaultConfigurationIsVisible = 0;
			defaultConfigurationName = Release;
		};
		80D54A6D1DDAF993003E1C10 /* Build configuration list for PBXNativeTarget "NewsAm" */ = {
			isa = XCConfigurationList;
			buildConfigurations = (
				80D54A6E1DDAF993003E1C10 /* Debug */,
				80D54A6F1DDAF993003E1C10 /* Release */,
			);
			defaultConfigurationIsVisible = 0;
			defaultConfigurationName = Release;
		};
		80D54A701DDAF993003E1C10 /* Build configuration list for PBXNativeTarget "NewsAmTests" */ = {
			isa = XCConfigurationList;
			buildConfigurations = (
				80D54A711DDAF993003E1C10 /* Debug */,
				80D54A721DDAF993003E1C10 /* Release */,
			);
			defaultConfigurationIsVisible = 0;
			defaultConfigurationName = Release;
		};
		80D54A731DDAF993003E1C10 /* Build configuration list for PBXNativeTarget "NewsAmUITests" */ = {
			isa = XCConfigurationList;
			buildConfigurations = (
				80D54A741DDAF993003E1C10 /* Debug */,
				80D54A751DDAF993003E1C10 /* Release */,
			);
			defaultConfigurationIsVisible = 0;
			defaultConfigurationName = Release;
		};
/* End XCConfigurationList section */

/* Begin XCVersionGroup section */
		80D54A4C1DDAF992003E1C10 /* NewsAm.xcdatamodeld */ = {
			isa = XCVersionGroup;
			children = (
				80D54A4D1DDAF992003E1C10 /* NewsAm.xcdatamodel */,
			);
			currentVersion = 80D54A4D1DDAF992003E1C10 /* NewsAm.xcdatamodel */;
			path = NewsAm.xcdatamodeld;
			sourceTree = "<group>";
			versionGroupType = wrapper.xcdatamodel;
		};
/* End XCVersionGroup section */
	};
	rootObject = 80D54A351DDAF992003E1C10 /* Project object */;
}
